{
  "name": "cookingbook.loc",
  "version": "0.1.0",
  "lockfileVersion": 1,
  "dependencies": {
    "nvm": {
      "version": "0.0.4",
      "resolved": "https://registry.npmjs.org/nvm/-/nvm-0.0.4.tgz",
      "integrity": "sha1-OKF46dMbKDUIyS0VydqGHRqSELw="
    },
    "rmvc": {
      "version": "1.0.1",
      "resolved": "https://registry.npmjs.org/rmvc/-/rmvc-1.0.1.tgz",
      "integrity": "sha1-fbQ+xZUsRLfPfCMAmjrlq4S8d68="
    }
  }
}
